// !$*UTF8*$!
{
	archiveVersion = 1;
	classes = {
	};
	objectVersion = 77;
	objects = {

/* Begin PBXContainerItemProxy section */
		D1D120182E6779DE0044CF82 /* PBXContainerItemProxy */ = {
			isa = PBXContainerItemProxy;
			containerPortal = D1D120022E6779DD0044CF82 /* Project object */;
			proxyType = 1;
			remoteGlobalIDString = D1D120092E6779DD0044CF82;
			remoteInfo = CS4261CodingAssignment;
		};
		D1D120222E6779DE0044CF82 /* PBXContainerItemProxy */ = {
			isa = PBXContainerItemProxy;
			containerPortal = D1D120022E6779DD0044CF82 /* Project object */;
			proxyType = 1;
			remoteGlobalIDString = D1D120092E6779DD0044CF82;
			remoteInfo = CS4261CodingAssignment;
		};
/* End PBXContainerItemProxy section */

/* Begin PBXFileReference section */
		D1D1200A2E6779DD0044CF82 /* CS4261CodingAssignment.app */ = {isa = PBXFileReference; explicitFileType = wrapper.application; includeInIndex = 0; path = CS4261CodingAssignment.app; sourceTree = BUILT_PRODUCTS_DIR; };
		D1D120172E6779DE0044CF82 /* CS4261CodingAssignmentTests.xctest */ = {isa = PBXFileReference; explicitFileType = wrapper.cfbundle; includeInIndex = 0; path = CS4261CodingAssignmentTests.xctest; sourceTree = BUILT_PRODUCTS_DIR; };
		D1D120212E6779DE0044CF82 /* CS4261CodingAssignmentUITests.xctest */ = {isa = PBXFileReference; explicitFileType = wrapper.cfbundle; includeInIndex = 0; path = CS4261CodingAssignmentUITests.xctest; sourceTree = BUILT_PRODUCTS_DIR; };
/* End PBXFileReference section */

/* Begin PBXFileSystemSynchronizedRootGroup section */
		D1D1200C2E6779DD0044CF82 /* CS4261CodingAssignment */ = {
			isa = PBXFileSystemSynchronizedRootGroup;
			path = CS4261CodingAssignment;
			sourceTree = "<group>";
		};
		D1D1201A2E6779DE0044CF82 /* CS4261CodingAssignmentTests */ = {
			isa = PBXFileSystemSynchronizedRootGroup;
			path = CS4261CodingAssignmentTests;
			sourceTree = "<group>";
		};
		D1D120242E6779DE0044CF82 /* CS4261CodingAssignmentUITests */ = {
			isa = PBXFileSystemSynchronizedRootGroup;
			path = CS4261CodingAssignmentUITests;
			sourceTree = "<group>";
		};
/* End PBXFileSystemSynchronizedRootGroup section */

/* Begin PBXFrameworksBuildPhase section */
		D1D120072E6779DD0044CF82 /* Frameworks */ = {
			isa = PBXFrameworksBuildPhase;
			buildActionMask = 2147483647;
			files = (
			);
			runOnlyForDeploymentPostprocessing = 0;
		};
		D1D120142E6779DE0044CF82 /* Frameworks */ = {
			isa = PBXFrameworksBuildPhase;
			buildActionMask = 2147483647;
			files = (
			);
			runOnlyForDeploymentPostprocessing = 0;
		};
		D1D1201E2E6779DE0044CF82 /* Frameworks */ = {
			isa = PBXFrameworksBuildPhase;
			buildActionMask = 2147483647;
			files = (
			);
			runOnlyForDeploymentPostprocessing = 0;
		};
/* End PBXFrameworksBuildPhase section */

/* Begin PBXGroup section */
		D1D120012E6779DD0044CF82 = {
			isa = PBXGroup;
			children = (
				D1D1200C2E6779DD0044CF82 /* CS4261CodingAssignment */,
				D1D1201A2E6779DE0044CF82 /* CS4261CodingAssignmentTests */,
				D1D120242E6779DE0044CF82 /* CS4261CodingAssignmentUITests */,
				D1D1200B2E6779DD0044CF82 /* Products */,
			);
			sourceTree = "<group>";
		};
		D1D1200B2E6779DD0044CF82 /* Products */ = {
			isa = PBXGroup;
			children = (
				D1D1200A2E6779DD0044CF82 /* CS4261CodingAssignment.app */,
				D1D120172E6779DE0044CF82 /* CS4261CodingAssignmentTests.xctest */,
				D1D120212E6779DE0044CF82 /* CS4261CodingAssignmentUITests.xctest */,
			);
			name = Products;
			sourceTree = "<group>";
		};
/* End PBXGroup section */

/* Begin PBXNativeTarget section */
		D1D120092E6779DD0044CF82 /* CS4261CodingAssignment */ = {
			isa = PBXNativeTarget;
			buildConfigurationList = D1D1202B2E6779DE0044CF82 /* Build configuration list for PBXNativeTarget "CS4261CodingAssignment" */;
			buildPhases = (
				D1D120062E6779DD0044CF82 /* Sources */,
				D1D120072E6779DD0044CF82 /* Frameworks */,
				D1D120082E6779DD0044CF82 /* Resources */,
			);
			buildRules = (
			);
			dependencies = (
			);
			fileSystemSynchronizedGroups = (
				D1D1200C2E6779DD0044CF82 /* CS4261CodingAssignment */,
			);
			name = CS4261CodingAssignment;
			packageProductDependencies = (
			);
			productName = CS4261CodingAssignment;
			productReference = D1D1200A2E6779DD0044CF82 /* CS4261CodingAssignment.app */;
			productType = "com.apple.product-type.application";
		};
		D1D120162E6779DE0044CF82 /* CS4261CodingAssignmentTests */ = {
			isa = PBXNativeTarget;
			buildConfigurationList = D1D1202E2E6779DE0044CF82 /* Build configuration list for PBXNativeTarget "CS4261CodingAssignmentTests" */;
			buildPhases = (
				D1D120132E6779DE0044CF82 /* Sources */,
				D1D120142E6779DE0044CF82 /* Frameworks */,
				D1D120152E6779DE0044CF82 /* Resources */,
			);
			buildRules = (
			);
			dependencies = (
				D1D120192E6779DE0044CF82 /* PBXTargetDependency */,
			);
			fileSystemSynchronizedGroups = (
				D1D1201A2E6779DE0044CF82 /* CS4261CodingAssignmentTests */,
			);
			name = CS4261CodingAssignmentTests;
			packageProductDependencies = (
			);
			productName = CS4261CodingAssignmentTests;
			productReference = D1D120172E6779DE0044CF82 /* CS4261CodingAssignmentTests.xctest */;
			productType = "com.apple.product-type.bundle.unit-test";
		};
		D1D120202E6779DE0044CF82 /* CS4261CodingAssignmentUITests */ = {
			isa = PBXNativeTarget;
			buildConfigurationList = D1D120312E6779DE0044CF82 /* Build configuration list for PBXNativeTarget "CS4261CodingAssignmentUITests" */;
			buildPhases = (
				D1D1201D2E6779DE0044CF82 /* Sources */,
				D1D1201E2E6779DE0044CF82 /* Frameworks */,
				D1D1201F2E6779DE0044CF82 /* Resources */,
			);
			buildRules = (
			);
			dependencies = (
				D1D120232E6779DE0044CF82 /* PBXTargetDependency */,
			);
			fileSystemSynchronizedGroups = (
				D1D120242E6779DE0044CF82 /* CS4261CodingAssignmentUITests */,
			);
			name = CS4261CodingAssignmentUITests;
			packageProductDependencies = (
			);
			productName = CS4261CodingAssignmentUITests;
			productReference = D1D120212E6779DE0044CF82 /* CS4261CodingAssignmentUITests.xctest */;
			productType = "com.apple.product-type.bundle.ui-testing";
		};
/* End PBXNativeTarget section */

/* Begin PBXProject section */
		D1D120022E6779DD0044CF82 /* Project object */ = {
			isa = PBXProject;
			attributes = {
				BuildIndependentTargetsInParallel = 1;
				LastSwiftUpdateCheck = 1640;
				LastUpgradeCheck = 1640;
				TargetAttributes = {
					D1D120092E6779DD0044CF82 = {
						CreatedOnToolsVersion = 16.4;
					};
					D1D120162E6779DE0044CF82 = {
						CreatedOnToolsVersion = 16.4;
						TestTargetID = D1D120092E6779DD0044CF82;
					};
					D1D120202E6779DE0044CF82 = {
						CreatedOnToolsVersion = 16.4;
						TestTargetID = D1D120092E6779DD0044CF82;
					};
				};
			};
			buildConfigurationList = D1D120052E6779DD0044CF82 /* Build configuration list for PBXProject "CS4261CodingAssignment" */;
			developmentRegion = en;
			hasScannedForEncodings = 0;
			knownRegions = (
				en,
				Base,
			);
			mainGroup = D1D120012E6779DD0044CF82;
			minimizedProjectReferenceProxies = 1;
			preferredProjectObjectVersion = 77;
			productRefGroup = D1D1200B2E6779DD0044CF82 /* Products */;
			projectDirPath = "";
			projectRoot = "";
			targets = (
				D1D120092E6779DD0044CF82 /* CS4261CodingAssignment */,
				D1D120162E6779DE0044CF82 /* CS4261CodingAssignmentTests */,
				D1D120202E6779DE0044CF82 /* CS4261CodingAssignmentUITests */,
			);
		};
/* End PBXProject section */

/* Begin PBXResourcesBuildPhase section */
		D1D120082E6779DD0044CF82 /* Resources */ = {
			isa = PBXResourcesBuildPhase;
			buildActionMask = 2147483647;
			files = (
			);
			runOnlyForDeploymentPostprocessing = 0;
		};
		D1D120152E6779DE0044CF82 /* Resources */ = {
			isa = PBXResourcesBuildPhase;
			buildActionMask = 2147483647;
			files = (
			);
			runOnlyForDeploymentPostprocessing = 0;
		};
		D1D1201F2E6779DE0044CF82 /* Resources */ = {
			isa = PBXResourcesBuildPhase;
			buildActionMask = 2147483647;
			files = (
			);
			runOnlyForDeploymentPostprocessing = 0;
		};
/* End PBXResourcesBuildPhase section */

/* Begin PBXSourcesBuildPhase section */
		D1D120062E6779DD0044CF82 /* Sources */ = {
			isa = PBXSourcesBuildPhase;
			buildActionMask = 2147483647;
			files = (
			);
			runOnlyForDeploymentPostprocessing = 0;
		};
		D1D120132E6779DE0044CF82 /* Sources */ = {
			isa = PBXSourcesBuildPhase;
			buildActionMask = 2147483647;
			files = (
			);
			runOnlyForDeploymentPostprocessing = 0;
		};
		D1D1201D2E6779DE0044CF82 /* Sources */ = {
			isa = PBXSourcesBuildPhase;
			buildActionMask = 2147483647;
			files = (
			);
			runOnlyForDeploymentPostprocessing = 0;
		};
/* End PBXSourcesBuildPhase section */

/* Begin PBXTargetDependency section */
		D1D120192E6779DE0044CF82 /* PBXTargetDependency */ = {
			isa = PBXTargetDependency;
			target = D1D120092E6779DD0044CF82 /* CS4261CodingAssignment */;
			targetProxy = D1D120182E6779DE0044CF82 /* PBXContainerItemProxy */;
		};
		D1D120232E6779DE0044CF82 /* PBXTargetDependency */ = {
			isa = PBXTargetDependency;
			target = D1D120092E6779DD0044CF82 /* CS4261CodingAssignment */;
			targetProxy = D1D120222E6779DE0044CF82 /* PBXContainerItemProxy */;
		};
/* End PBXTargetDependency section */

/* Begin XCBuildConfiguration section */
		D1D120292E6779DE0044CF82 /* Debug */ = {
			isa = XCBuildConfiguration;
			buildSettings = {
				ALWAYS_SEARCH_USER_PATHS = NO;
				ASSETCATALOG_COMPILER_GENERATE_SWIFT_ASSET_SYMBOL_EXTENSIONS = YES;
				CLANG_ANALYZER_NONNULL = YES;
				CLANG_ANALYZER_NUMBER_OBJECT_CONVERSION = YES_AGGRESSIVE;
				CLANG_CXX_LANGUAGE_STANDARD = "gnu++20";
				CLANG_ENABLE_MODULES = YES;
				CLANG_ENABLE_OBJC_ARC = YES;
				CLANG_ENABLE_OBJC_WEAK = YES;
				CLANG_WARN_BLOCK_CAPTURE_AUTORELEASING = YES;
				CLANG_WARN_BOOL_CONVERSION = YES;
				CLANG_WARN_COMMA = YES;
				CLANG_WARN_CONSTANT_CONVERSION = YES;
				CLANG_WARN_DEPRECATED_OBJC_IMPLEMENTATIONS = YES;
				CLANG_WARN_DIRECT_OBJC_ISA_USAGE = YES_ERROR;
				CLANG_WARN_DOCUMENTATION_COMMENTS = YES;
				CLANG_WARN_EMPTY_BODY = YES;
				CLANG_WARN_ENUM_CONVERSION = YES;
				CLANG_WARN_INFINITE_RECURSION = YES;
				CLANG_WARN_INT_CONVERSION = YES;
				CLANG_WARN_NON_LITERAL_NULL_CONVERSION = YES;
				CLANG_WARN_OBJC_IMPLICIT_RETAIN_SELF = YES;
				CLANG_WARN_OBJC_LITERAL_CONVERSION = YES;
				CLANG_WARN_OBJC_ROOT_CLASS = YES_ERROR;
				CLANG_WARN_QUOTED_INCLUDE_IN_FRAMEWORK_HEADER = YES;
				CLANG_WARN_RANGE_LOOP_ANALYSIS = YES;
				CLANG_WARN_STRICT_PROTOTYPES = YES;
				CLANG_WARN_SUSPICIOUS_MOVE = YES;
				CLANG_WARN_UNGUARDED_AVAILABILITY = YES_AGGRESSIVE;
				CLANG_WARN_UNREACHABLE_CODE = YES;
				CLANG_WARN__DUPLICATE_METHOD_MATCH = YES;
				COPY_PHASE_STRIP = NO;
				DEBUG_INFORMATION_FORMAT = dwarf;
				DEVELOPMENT_TEAM = T8BM4APL9G;
				ENABLE_STRICT_OBJC_MSGSEND = YES;
				ENABLE_TESTABILITY = YES;
				ENABLE_USER_SCRIPT_SANDBOXING = YES;
				GCC_C_LANGUAGE_STANDARD = gnu17;
				GCC_DYNAMIC_NO_PIC = NO;
				GCC_NO_COMMON_BLOCKS = YES;
				GCC_OPTIMIZATION_LEVEL = 0;
				GCC_PREPROCESSOR_DEFINITIONS = (
					"DEBUG=1",
					"$(inherited)",
				);
				GCC_WARN_64_TO_32_BIT_CONVERSION = YES;
				GCC_WARN_ABOUT_RETURN_TYPE = YES_ERROR;
				GCC_WARN_UNDECLARED_SELECTOR = YES;
				GCC_WARN_UNINITIALIZED_AUTOS = YES_AGGRESSIVE;
				GCC_WARN_UNUSED_FUNCTION = YES;
				GCC_WARN_UNUSED_VARIABLE = YES;
				IPHONEOS_DEPLOYMENT_TARGET = 18.5;
				LOCALIZATION_PREFERS_STRING_CATALOGS = YES;
				MTL_ENABLE_DEBUG_INFO = INCLUDE_SOURCE;
				MTL_FAST_MATH = YES;
				ONLY_ACTIVE_ARCH = YES;
				SDKROOT = iphoneos;
				SWIFT_ACTIVE_COMPILATION_CONDITIONS = "DEBUG $(inherited)";
				SWIFT_OPTIMIZATION_LEVEL = "-Onone";
			};
			name = Debug;
		};
		D1D1202A2E6779DE0044CF82 /* Release */ = {
			isa = XCBuildConfiguration;
			buildSettings = {
				ALWAYS_SEARCH_USER_PATHS = NO;
				ASSETCATALOG_COMPILER_GENERATE_SWIFT_ASSET_SYMBOL_EXTENSIONS = YES;
				CLANG_ANALYZER_NONNULL = YES;
				CLANG_ANALYZER_NUMBER_OBJECT_CONVERSION = YES_AGGRESSIVE;
				CLANG_CXX_LANGUAGE_STANDARD = "gnu++20";
				CLANG_ENABLE_MODULES = YES;
				CLANG_ENABLE_OBJC_ARC = YES;
				CLANG_ENABLE_OBJC_WEAK = YES;
				CLANG_WARN_BLOCK_CAPTURE_AUTORELEASING = YES;
				CLANG_WARN_BOOL_CONVERSION = YES;
				CLANG_WARN_COMMA = YES;
				CLANG_WARN_CONSTANT_CONVERSION = YES;
				CLANG_WARN_DEPRECATED_OBJC_IMPLEMENTATIONS = YES;
				CLANG_WARN_DIRECT_OBJC_ISA_USAGE = YES_ERROR;
				CLANG_WARN_DOCUMENTATION_COMMENTS = YES;
				CLANG_WARN_EMPTY_BODY = YES;
				CLANG_WARN_ENUM_CONVERSION = YES;
				CLANG_WARN_INFINITE_RECURSION = YES;
				CLANG_WARN_INT_CONVERSION = YES;
				CLANG_WARN_NON_LITERAL_NULL_CONVERSION = YES;
				CLANG_WARN_OBJC_IMPLICIT_RETAIN_SELF = YES;
				CLANG_WARN_OBJC_LITERAL_CONVERSION = YES;
				CLANG_WARN_OBJC_ROOT_CLASS = YES_ERROR;
				CLANG_WARN_QUOTED_INCLUDE_IN_FRAMEWORK_HEADER = YES;
				CLANG_WARN_RANGE_LOOP_ANALYSIS = YES;
				CLANG_WARN_STRICT_PROTOTYPES = YES;
				CLANG_WARN_SUSPICIOUS_MOVE = YES;
				CLANG_WARN_UNGUARDED_AVAILABILITY = YES_AGGRESSIVE;
				CLANG_WARN_UNREACHABLE_CODE = YES;
				CLANG_WARN__DUPLICATE_METHOD_MATCH = YES;
				COPY_PHASE_STRIP = NO;
				DEBUG_INFORMATION_FORMAT = "dwarf-with-dsym";
				DEVELOPMENT_TEAM = T8BM4APL9G;
				ENABLE_NS_ASSERTIONS = NO;
				ENABLE_STRICT_OBJC_MSGSEND = YES;
				ENABLE_USER_SCRIPT_SANDBOXING = YES;
				GCC_C_LANGUAGE_STANDARD = gnu17;
				GCC_NO_COMMON_BLOCKS = YES;
				GCC_WARN_64_TO_32_BIT_CONVERSION = YES;
				GCC_WARN_ABOUT_RETURN_TYPE = YES_ERROR;
				GCC_WARN_UNDECLARED_SELECTOR = YES;
				GCC_WARN_UNINITIALIZED_AUTOS = YES_AGGRESSIVE;
				GCC_WARN_UNUSED_FUNCTION = YES;
				GCC_WARN_UNUSED_VARIABLE = YES;
				IPHONEOS_DEPLOYMENT_TARGET = 18.5;
				LOCALIZATION_PREFERS_STRING_CATALOGS = YES;
				MTL_ENABLE_DEBUG_INFO = NO;
				MTL_FAST_MATH = YES;
				SDKROOT = iphoneos;
				SWIFT_COMPILATION_MODE = wholemodule;
				VALIDATE_PRODUCT = YES;
			};
			name = Release;
		};
		D1D1202C2E6779DE0044CF82 /* Debug */ = {
			isa = XCBuildConfiguration;
			buildSettings = {
				ASSETCATALOG_COMPILER_APPICON_NAME = AppIcon;
				ASSETCATALOG_COMPILER_GLOBAL_ACCENT_COLOR_NAME = AccentColor;
				CODE_SIGN_STYLE = Automatic;
				CURRENT_PROJECT_VERSION = 1;
				DEVELOPMENT_TEAM = T8BM4APL9G;
				ENABLE_PREVIEWS = YES;
				GENERATE_INFOPLIST_FILE = YES;
				INFOPLIST_KEY_UIApplicationSceneManifest_Generation = YES;
				INFOPLIST_KEY_UIApplicationSupportsIndirectInputEvents = YES;
				INFOPLIST_KEY_UILaunchScreen_Generation = YES;
				INFOPLIST_KEY_UISupportedInterfaceOrientations_iPad = "UIInterfaceOrientationPortrait UIInterfaceOrientationPortraitUpsideDown UIInterfaceOrientationLandscapeLeft UIInterfaceOrientationLandscapeRight";
				INFOPLIST_KEY_UISupportedInterfaceOrientations_iPhone = "UIInterfaceOrientationPortrait UIInterfaceOrientationLandscapeLeft UIInterfaceOrientationLandscapeRight";
				LD_RUNPATH_SEARCH_PATHS = (
					"$(inherited)",
					"@executable_path/Frameworks",
				);
				MARKETING_VERSION = 1.0;
				PRODUCT_BUNDLE_IDENTIFIER = com.jeff.CS4261CodingAssignment;
				PRODUCT_NAME = "$(TARGET_NAME)";
				SWIFT_EMIT_LOC_STRINGS = YES;
				SWIFT_VERSION = 5.0;
				TARGETED_DEVICE_FAMILY = "1,2";
			};
			name = Debug;
		};
		D1D1202D2E6779DE0044CF82 /* Release */ = {
			isa = XCBuildConfiguration;
			buildSettings = {
				ASSETCATALOG_COMPILER_APPICON_NAME = AppIcon;
				ASSETCATALOG_COMPILER_GLOBAL_ACCENT_COLOR_NAME = AccentColor;
				CODE_SIGN_STYLE = Automatic;
				CURRENT_PROJECT_VERSION = 1;
				DEVELOPMENT_TEAM = T8BM4APL9G;
				ENABLE_PREVIEWS = YES;
				GENERATE_INFOPLIST_FILE = YES;
				INFOPLIST_KEY_UIApplicationSceneManifest_Generation = YES;
				INFOPLIST_KEY_UIApplicationSupportsIndirectInputEvents = YES;
				INFOPLIST_KEY_UILaunchScreen_Generation = YES;
				INFOPLIST_KEY_UISupportedInterfaceOrientations_iPad = "UIInterfaceOrientationPortrait UIInterfaceOrientationPortraitUpsideDown UIInterfaceOrientationLandscapeLeft UIInterfaceOrientationLandscapeRight";
				INFOPLIST_KEY_UISupportedInterfaceOrientations_iPhone = "UIInterfaceOrientationPortrait UIInterfaceOrientationLandscapeLeft UIInterfaceOrientationLandscapeRight";
				LD_RUNPATH_SEARCH_PATHS = (
					"$(inherited)",
					"@executable_path/Frameworks",
				);
				MARKETING_VERSION = 1.0;
				PRODUCT_BUNDLE_IDENTIFIER = com.jeff.CS4261CodingAssignment;
				PRODUCT_NAME = "$(TARGET_NAME)";
				SWIFT_EMIT_LOC_STRINGS = YES;
				SWIFT_VERSION = 5.0;
				TARGETED_DEVICE_FAMILY = "1,2";
			};
			name = Release;
		};
		D1D1202F2E6779DE0044CF82 /* Debug */ = {
			isa = XCBuildConfiguration;
			buildSettings = {
				BUNDLE_LOADER = "$(TEST_HOST)";
				CODE_SIGN_STYLE = Automatic;
				CURRENT_PROJECT_VERSION = 1;
				DEVELOPMENT_TEAM = T8BM4APL9G;
				GENERATE_INFOPLIST_FILE = YES;
				IPHONEOS_DEPLOYMENT_TARGET = 18.5;
				MARKETING_VERSION = 1.0;
				PRODUCT_BUNDLE_IDENTIFIER = com.jeff.CS4261CodingAssignmentTests;
				PRODUCT_NAME = "$(TARGET_NAME)";
				SWIFT_EMIT_LOC_STRINGS = NO;
				SWIFT_VERSION = 5.0;
				TARGETED_DEVICE_FAMILY = "1,2";
				TEST_HOST = "$(BUILT_PRODUCTS_DIR)/CS4261CodingAssignment.app/$(BUNDLE_EXECUTABLE_FOLDER_PATH)/CS4261CodingAssignment";
			};
			name = Debug;
		};
		D1D120302E6779DE0044CF82 /* Release */ = {
			isa = XCBuildConfiguration;
			buildSettings = {
				BUNDLE_LOADER = "$(TEST_HOST)";
				CODE_SIGN_STYLE = Automatic;
				CURRENT_PROJECT_VERSION = 1;
				DEVELOPMENT_TEAM = T8BM4APL9G;
				GENERATE_INFOPLIST_FILE = YES;
				IPHONEOS_DEPLOYMENT_TARGET = 18.5;
				MARKETING_VERSION = 1.0;
				PRODUCT_BUNDLE_IDENTIFIER = com.jeff.CS4261CodingAssignmentTests;
				PRODUCT_NAME = "$(TARGET_NAME)";
				SWIFT_EMIT_LOC_STRINGS = NO;
				SWIFT_VERSION = 5.0;
				TARGETED_DEVICE_FAMILY = "1,2";
				TEST_HOST = "$(BUILT_PRODUCTS_DIR)/CS4261CodingAssignment.app/$(BUNDLE_EXECUTABLE_FOLDER_PATH)/CS4261CodingAssignment";
			};
			name = Release;
		};
		D1D120322E6779DE0044CF82 /* Debug */ = {
			isa = XCBuildConfiguration;
			buildSettings = {
				CODE_SIGN_STYLE = Automatic;
				CURRENT_PROJECT_VERSION = 1;
				DEVELOPMENT_TEAM = T8BM4APL9G;
				GENERATE_INFOPLIST_FILE = YES;
				MARKETING_VERSION = 1.0;
				PRODUCT_BUNDLE_IDENTIFIER = com.jeff.CS4261CodingAssignmentUITests;
				PRODUCT_NAME = "$(TARGET_NAME)";
				SWIFT_EMIT_LOC_STRINGS = NO;
				SWIFT_VERSION = 5.0;
				TARGETED_DEVICE_FAMILY = "1,2";
				TEST_TARGET_NAME = CS4261CodingAssignment;
			};
			name = Debug;
		};
		D1D120332E6779DE0044CF82 /* Release */ = {
			isa = XCBuildConfiguration;
			buildSettings = {
				CODE_SIGN_STYLE = Automatic;
				CURRENT_PROJECT_VERSION = 1;
				DEVELOPMENT_TEAM = T8BM4APL9G;
				GENERATE_INFOPLIST_FILE = YES;
				MARKETING_VERSION = 1.0;
				PRODUCT_BUNDLE_IDENTIFIER = com.jeff.CS4261CodingAssignmentUITests;
				PRODUCT_NAME = "$(TARGET_NAME)";
				SWIFT_EMIT_LOC_STRINGS = NO;
				SWIFT_VERSION = 5.0;
				TARGETED_DEVICE_FAMILY = "1,2";
				TEST_TARGET_NAME = CS4261CodingAssignment;
			};
			name = Release;
		};
/* End XCBuildConfiguration section */

/* Begin XCConfigurationList section */
		D1D120052E6779DD0044CF82 /* Build configuration list for PBXProject "CS4261CodingAssignment" */ = {
			isa = XCConfigurationList;
			buildConfigurations = (
				D1D120292E6779DE0044CF82 /* Debug */,
				D1D1202A2E6779DE0044CF82 /* Release */,
			);
			defaultConfigurationIsVisible = 0;
			defaultConfigurationName = Release;
		};
		D1D1202B2E6779DE0044CF82 /* Build configuration list for PBXNativeTarget "CS4261CodingAssignment" */ = {
			isa = XCConfigurationList;
			buildConfigurations = (
				D1D1202C2E6779DE0044CF82 /* Debug */,
				D1D1202D2E6779DE0044CF82 /* Release */,
			);
			defaultConfigurationIsVisible = 0;
			defaultConfigurationName = Release;
		};
		D1D1202E2E6779DE0044CF82 /* Build configuration list for PBXNativeTarget "CS4261CodingAssignmentTests" */ = {
			isa = XCConfigurationList;
			buildConfigurations = (
				D1D1202F2E6779DE0044CF82 /* Debug */,
				D1D120302E6779DE0044CF82 /* Release */,
			);
			defaultConfigurationIsVisible = 0;
			defaultConfigurationName = Release;
		};
		D1D120312E6779DE0044CF82 /* Build configuration list for PBXNativeTarget "CS4261CodingAssignmentUITests" */ = {
			isa = XCConfigurationList;
			buildConfigurations = (
				D1D120322E6779DE0044CF82 /* Debug */,
				D1D120332E6779DE0044CF82 /* Release */,
			);
			defaultConfigurationIsVisible = 0;
			defaultConfigurationName = Release;
		};
/* End XCConfigurationList section */
	};
	rootObject = D1D120022E6779DD0044CF82 /* Project object */;
}
